
Microsoft Visual Studio Solution File, Format Version 12.00
# Visual Studio 2013
VisualStudioVersion = 12.0.31101.0
MinimumVisualStudioVersion = 10.0.40219.1
Project("{8BC9CEB8-8B4A-11D0-8D11-00A0C91BC942}") = "点和圆的关系", "点和圆的关系\点和圆的关系.vcxproj", "{630E126E-A0F0-4410-825C-CD1245682AA7}"
EndProject
Project("{8BC9CEB8-8B4A-11D0-8D11-00A0C91BC942}") = "课后小练习", "课后小练习\课后小练习.vcxproj", "{DD9E34F7-C54B-434B-B270-403E458B2E1D}"
EndProject
Project("{8BC9CEB8-8B4A-11D0-8D11-00A0C91BC942}") = "判断立方体", "判断立方体\判断立方体.vcxproj", "{A3C1245D-21E2-4FE0-A06A-247AA30120FD}"
EndProject
Project("{8BC9CEB8-8B4A-11D0-8D11-00A0C91BC942}") = "点和圆的关系实现", "点和圆的关系实现\点和圆的关系实现.vcxproj", "{8E7DCA16-6043-47E0-8C6C-05192AA58E54}"
EndProject
Project("{8BC9CEB8-8B4A-11D0-8D11-00A0C91BC942}") = "构造函数", "构造函数\构造函数.vcxproj", "{9B1328A3-7739-49D3-96A5-C25187CBCC96}"
EndProject
Project("{8BC9CEB8-8B4A-11D0-8D11-00A0C91BC942}") = "类对象作为成员", "类对象作为成员\类对象作为成员.vcxproj", "{00FD6414-D2F0-4639-BBBA-C66EB9D91A8C}"
EndProject
Project("{8BC9CEB8-8B4A-11D0-8D11-00A0C91BC942}") = "初始化和清理", "初始化和清理\初始化和清理.vcxproj", "{BBB48696-E973-4DB1-B824-598B83E5A846}"
EndProject
Project("{8BC9CEB8-8B4A-11D0-8D11-00A0C91BC942}") = "构造函数的分类及调用", "构造函数的分类及调用\构造函数的分类及调用.vcxproj", "{A1DF0193-2661-428F-90C7-0D908600BA12}"
EndProject
Project("{8BC9CEB8-8B4A-11D0-8D11-00A0C91BC942}") = "拷贝构造函数调用时机", "拷贝构造函数调用时机\拷贝构造函数调用时机.vcxproj", "{E5E0137E-EEFF-4635-9820-CE42BAD6CA97}"
EndProject
Project("{8BC9CEB8-8B4A-11D0-8D11-00A0C91BC942}") = "构造函数调用规则", "构造函数调用规则\构造函数调用规则.vcxproj", "{36E20F67-A25C-48FE-84D9-6E4E72A415B5}"
EndProject
Project("{8BC9CEB8-8B4A-11D0-8D11-00A0C91BC942}") = "深浅拷贝", "深浅拷贝\深浅拷贝.vcxproj", "{ACB45C22-9A7F-4F97-B795-A923A1F0C378}"
EndProject
Global
	GlobalSection(SolutionConfigurationPlatforms) = preSolution
		Debug|Win32 = Debug|Win32
		Release|Win32 = Release|Win32
	EndGlobalSection
	GlobalSection(ProjectConfigurationPlatforms) = postSolution
		{630E126E-A0F0-4410-825C-CD1245682AA7}.Debug|Win32.ActiveCfg = Debug|Win32
		{630E126E-A0F0-4410-825C-CD1245682AA7}.Debug|Win32.Build.0 = Debug|Win32
		{630E126E-A0F0-4410-825C-CD1245682AA7}.Release|Win32.ActiveCfg = Release|Win32
		{630E126E-A0F0-4410-825C-CD1245682AA7}.Release|Win32.Build.0 = Release|Win32
		{DD9E34F7-C54B-434B-B270-403E458B2E1D}.Debug|Win32.ActiveCfg = Debug|Win32
		{DD9E34F7-C54B-434B-B270-403E458B2E1D}.Debug|Win32.Build.0 = Debug|Win32
		{DD9E34F7-C54B-434B-B270-403E458B2E1D}.Release|Win32.ActiveCfg = Release|Win32
		{DD9E34F7-C54B-434B-B270-403E458B2E1D}.Release|Win32.Build.0 = Release|Win32
		{A3C1245D-21E2-4FE0-A06A-247AA30120FD}.Debug|Win32.ActiveCfg = Debug|Win32
		{A3C1245D-21E2-4FE0-A06A-247AA30120FD}.Debug|Win32.Build.0 = Debug|Win32
		{A3C1245D-21E2-4FE0-A06A-247AA30120FD}.Release|Win32.ActiveCfg = Release|Win32
		{A3C1245D-21E2-4FE0-A06A-247AA30120FD}.Release|Win32.Build.0 = Release|Win32
		{8E7DCA16-6043-47E0-8C6C-05192AA58E54}.Debug|Win32.ActiveCfg = Debug|Win32
		{8E7DCA16-6043-47E0-8C6C-05192AA58E54}.Debug|Win32.Build.0 = Debug|Win32
		{8E7DCA16-6043-47E0-8C6C-05192AA58E54}.Release|Win32.ActiveCfg = Release|Win32
		{8E7DCA16-6043-47E0-8C6C-05192AA58E54}.Release|Win32.Build.0 = Release|Win32
		{9B1328A3-7739-49D3-96A5-C25187CBCC96}.Debug|Win32.ActiveCfg = Debug|Win32
		{9B1328A3-7739-49D3-96A5-C25187CBCC96}.Debug|Win32.Build.0 = Debug|Win32
		{9B1328A3-7739-49D3-96A5-C25187CBCC96}.Release|Win32.ActiveCfg = Release|Win32
		{9B1328A3-7739-49D3-96A5-C25187CBCC96}.Release|Win32.Build.0 = Release|Win32
		{00FD6414-D2F0-4639-BBBA-C66EB9D91A8C}.Debug|Win32.ActiveCfg = Debug|Win32
		{00FD6414-D2F0-4639-BBBA-C66EB9D91A8C}.Debug|Win32.Build.0 = Debug|Win32
		{00FD6414-D2F0-4639-BBBA-C66EB9D91A8C}.Release|Win32.ActiveCfg = Release|Win32
		{00FD6414-D2F0-4639-BBBA-C66EB9D91A8C}.Release|Win32.Build.0 = Release|Win32
		{BBB48696-E973-4DB1-B824-598B83E5A846}.Debug|Win32.ActiveCfg = Debug|Win32
		{BBB48696-E973-4DB1-B824-598B83E5A846}.Debug|Win32.Build.0 = Debug|Win32
		{BBB48696-E973-4DB1-B824-598B83E5A846}.Release|Win32.ActiveCfg = Release|Win32
		{BBB48696-E973-4DB1-B824-598B83E5A846}.Release|Win32.Build.0 = Release|Win32
		{A1DF0193-2661-428F-90C7-0D908600BA12}.Debug|Win32.ActiveCfg = Debug|Win32
		{A1DF0193-2661-428F-90C7-0D908600BA12}.Debug|Win32.Build.0 = Debug|Win32
		{A1DF0193-2661-428F-90C7-0D908600BA12}.Release|Win32.ActiveCfg = Release|Win32
		{A1DF0193-2661-428F-90C7-0D908600BA12}.Release|Win32.Build.0 = Release|Win32
		{E5E0137E-EEFF-4635-9820-CE42BAD6CA97}.Debug|Win32.ActiveCfg = Debug|Win32
		{E5E0137E-EEFF-4635-9820-CE42BAD6CA97}.Debug|Win32.Build.0 = Debug|Win32
		{E5E0137E-EEFF-4635-9820-CE42BAD6CA97}.Release|Win32.ActiveCfg = Release|Win32
		{E5E0137E-EEFF-4635-9820-CE42BAD6CA97}.Release|Win32.Build.0 = Release|Win32
		{36E20F67-A25C-48FE-84D9-6E4E72A415B5}.Debug|Win32.ActiveCfg = Debug|Win32
		{36E20F67-A25C-48FE-84D9-6E4E72A415B5}.Debug|Win32.Build.0 = Debug|Win32
		{36E20F67-A25C-48FE-84D9-6E4E72A415B5}.Release|Win32.ActiveCfg = Release|Win32
		{36E20F67-A25C-48FE-84D9-6E4E72A415B5}.Release|Win32.Build.0 = Release|Win32
		{ACB45C22-9A7F-4F97-B795-A923A1F0C378}.Debug|Win32.ActiveCfg = Debug|Win32
		{ACB45C22-9A7F-4F97-B795-A923A1F0C378}.Debug|Win32.Build.0 = Debug|Win32
		{ACB45C22-9A7F-4F97-B795-A923A1F0C378}.Release|Win32.ActiveCfg = Release|Win32
		{ACB45C22-9A7F-4F97-B795-A923A1F0C378}.Release|Win32.Build.0 = Release|Win32
	EndGlobalSection
	GlobalSection(SolutionProperties) = preSolution
		HideSolutionNode = FALSE
	EndGlobalSection
EndGlobal
