
Microsoft Visual Studio Solution File, Format Version 12.00
# Visual Studio 2013
VisualStudioVersion = 12.0.31101.0
MinimumVisualStudioVersion = 10.0.40219.1
Project("{8BC9CEB8-8B4A-11D0-8D11-00A0C91BC942}") = "静态成员变量", "静态成员变量\静态成员变量.vcxproj", "{8585456D-E89F-497C-9439-99376291622B}"
EndProject
Project("{8BC9CEB8-8B4A-11D0-8D11-00A0C91BC942}") = "静态成员函数", "静态成员函数\静态成员函数.vcxproj", "{3CC222E6-C5E4-445A-8A9F-75928D2404ED}"
EndProject
Project("{8BC9CEB8-8B4A-11D0-8D11-00A0C91BC942}") = "静态成员变量和静态成员函数", "静态成员变量和静态成员函数\静态成员变量和静态成员函数.vcxproj", "{D9027401-65A9-4C2B-93D7-4B10E1AEEF96}"
EndProject
Project("{8BC9CEB8-8B4A-11D0-8D11-00A0C91BC942}") = "单例模式-主席案例", "单例模式-主席案例\单例模式-主席案例.vcxproj", "{AF5CB135-567E-4BE0-95D0-86B40B4F83AC}"
EndProject
Project("{8BC9CEB8-8B4A-11D0-8D11-00A0C91BC942}") = "单例模式--打印机案例", "单例模式--打印机案例\单例模式--打印机案例.vcxproj", "{14201616-C4C2-4735-8944-74FC54764E1C}"
EndProject
Project("{8BC9CEB8-8B4A-11D0-8D11-00A0C91BC942}") = "C++对象模型初探", "C++对象模型初探\C++对象模型初探.vcxproj", "{75D28A6A-DAE2-4129-8D4E-ECD45EE5198D}"
EndProject
Project("{8BC9CEB8-8B4A-11D0-8D11-00A0C91BC942}") = "空指针访问成员函数", "空指针访问成员函数\空指针访问成员函数.vcxproj", "{BA5BB45C-0053-47C1-A9C9-9C8632D26FBA}"
EndProject
Project("{8BC9CEB8-8B4A-11D0-8D11-00A0C91BC942}") = "const修饰成员函数", "const\const.vcxproj", "{1066D464-52A3-4E06-B4EB-108820D0F373}"
EndProject
Project("{8BC9CEB8-8B4A-11D0-8D11-00A0C91BC942}") = "类做友元类", "类做友元类\类做友元类.vcxproj", "{EF60860E-FFE5-47F5-9EA2-287BB346CFDB}"
EndProject
Project("{8BC9CEB8-8B4A-11D0-8D11-00A0C91BC942}") = "类做友元类事项", "类做友元类事项\类做友元类事项.vcxproj", "{B2FDB54A-E53B-4ED2-BBE0-4F3B6230CACA}"
EndProject
Project("{8BC9CEB8-8B4A-11D0-8D11-00A0C91BC942}") = "友元函数", "友元函数\友元函数.vcxproj", "{DD43F997-7C79-436F-84BE-FFAEDE714C8B}"
EndProject
Project("{8BC9CEB8-8B4A-11D0-8D11-00A0C91BC942}") = "全局函数做友元函数", "全局函数做友元函数\全局函数做友元函数.vcxproj", "{16A6CB8A-ABB9-442E-AAD0-DB9F02BEA91A}"
EndProject
Project("{8BC9CEB8-8B4A-11D0-8D11-00A0C91BC942}") = "课后练习_电视", "课后练习_电视\课后练习_电视.vcxproj", "{998D56B0-E358-438C-9E6D-D6BE739B2534}"
EndProject
Global
	GlobalSection(SolutionConfigurationPlatforms) = preSolution
		Debug|Win32 = Debug|Win32
		Release|Win32 = Release|Win32
	EndGlobalSection
	GlobalSection(ProjectConfigurationPlatforms) = postSolution
		{8585456D-E89F-497C-9439-99376291622B}.Debug|Win32.ActiveCfg = Debug|Win32
		{8585456D-E89F-497C-9439-99376291622B}.Debug|Win32.Build.0 = Debug|Win32
		{8585456D-E89F-497C-9439-99376291622B}.Release|Win32.ActiveCfg = Release|Win32
		{8585456D-E89F-497C-9439-99376291622B}.Release|Win32.Build.0 = Release|Win32
		{3CC222E6-C5E4-445A-8A9F-75928D2404ED}.Debug|Win32.ActiveCfg = Debug|Win32
		{3CC222E6-C5E4-445A-8A9F-75928D2404ED}.Debug|Win32.Build.0 = Debug|Win32
		{3CC222E6-C5E4-445A-8A9F-75928D2404ED}.Release|Win32.ActiveCfg = Release|Win32
		{3CC222E6-C5E4-445A-8A9F-75928D2404ED}.Release|Win32.Build.0 = Release|Win32
		{D9027401-65A9-4C2B-93D7-4B10E1AEEF96}.Debug|Win32.ActiveCfg = Debug|Win32
		{D9027401-65A9-4C2B-93D7-4B10E1AEEF96}.Debug|Win32.Build.0 = Debug|Win32
		{D9027401-65A9-4C2B-93D7-4B10E1AEEF96}.Release|Win32.ActiveCfg = Release|Win32
		{D9027401-65A9-4C2B-93D7-4B10E1AEEF96}.Release|Win32.Build.0 = Release|Win32
		{AF5CB135-567E-4BE0-95D0-86B40B4F83AC}.Debug|Win32.ActiveCfg = Debug|Win32
		{AF5CB135-567E-4BE0-95D0-86B40B4F83AC}.Debug|Win32.Build.0 = Debug|Win32
		{AF5CB135-567E-4BE0-95D0-86B40B4F83AC}.Release|Win32.ActiveCfg = Release|Win32
		{AF5CB135-567E-4BE0-95D0-86B40B4F83AC}.Release|Win32.Build.0 = Release|Win32
		{14201616-C4C2-4735-8944-74FC54764E1C}.Debug|Win32.ActiveCfg = Debug|Win32
		{14201616-C4C2-4735-8944-74FC54764E1C}.Debug|Win32.Build.0 = Debug|Win32
		{14201616-C4C2-4735-8944-74FC54764E1C}.Release|Win32.ActiveCfg = Release|Win32
		{14201616-C4C2-4735-8944-74FC54764E1C}.Release|Win32.Build.0 = Release|Win32
		{75D28A6A-DAE2-4129-8D4E-ECD45EE5198D}.Debug|Win32.ActiveCfg = Debug|Win32
		{75D28A6A-DAE2-4129-8D4E-ECD45EE5198D}.Debug|Win32.Build.0 = Debug|Win32
		{75D28A6A-DAE2-4129-8D4E-ECD45EE5198D}.Release|Win32.ActiveCfg = Release|Win32
		{75D28A6A-DAE2-4129-8D4E-ECD45EE5198D}.Release|Win32.Build.0 = Release|Win32
		{BA5BB45C-0053-47C1-A9C9-9C8632D26FBA}.Debug|Win32.ActiveCfg = Debug|Win32
		{BA5BB45C-0053-47C1-A9C9-9C8632D26FBA}.Debug|Win32.Build.0 = Debug|Win32
		{BA5BB45C-0053-47C1-A9C9-9C8632D26FBA}.Release|Win32.ActiveCfg = Release|Win32
		{BA5BB45C-0053-47C1-A9C9-9C8632D26FBA}.Release|Win32.Build.0 = Release|Win32
		{1066D464-52A3-4E06-B4EB-108820D0F373}.Debug|Win32.ActiveCfg = Debug|Win32
		{1066D464-52A3-4E06-B4EB-108820D0F373}.Debug|Win32.Build.0 = Debug|Win32
		{1066D464-52A3-4E06-B4EB-108820D0F373}.Release|Win32.ActiveCfg = Release|Win32
		{1066D464-52A3-4E06-B4EB-108820D0F373}.Release|Win32.Build.0 = Release|Win32
		{EF60860E-FFE5-47F5-9EA2-287BB346CFDB}.Debug|Win32.ActiveCfg = Debug|Win32
		{EF60860E-FFE5-47F5-9EA2-287BB346CFDB}.Debug|Win32.Build.0 = Debug|Win32
		{EF60860E-FFE5-47F5-9EA2-287BB346CFDB}.Release|Win32.ActiveCfg = Release|Win32
		{EF60860E-FFE5-47F5-9EA2-287BB346CFDB}.Release|Win32.Build.0 = Release|Win32
		{B2FDB54A-E53B-4ED2-BBE0-4F3B6230CACA}.Debug|Win32.ActiveCfg = Debug|Win32
		{B2FDB54A-E53B-4ED2-BBE0-4F3B6230CACA}.Debug|Win32.Build.0 = Debug|Win32
		{B2FDB54A-E53B-4ED2-BBE0-4F3B6230CACA}.Release|Win32.ActiveCfg = Release|Win32
		{B2FDB54A-E53B-4ED2-BBE0-4F3B6230CACA}.Release|Win32.Build.0 = Release|Win32
		{DD43F997-7C79-436F-84BE-FFAEDE714C8B}.Debug|Win32.ActiveCfg = Debug|Win32
		{DD43F997-7C79-436F-84BE-FFAEDE714C8B}.Debug|Win32.Build.0 = Debug|Win32
		{DD43F997-7C79-436F-84BE-FFAEDE714C8B}.Release|Win32.ActiveCfg = Release|Win32
		{DD43F997-7C79-436F-84BE-FFAEDE714C8B}.Release|Win32.Build.0 = Release|Win32
		{16A6CB8A-ABB9-442E-AAD0-DB9F02BEA91A}.Debug|Win32.ActiveCfg = Debug|Win32
		{16A6CB8A-ABB9-442E-AAD0-DB9F02BEA91A}.Debug|Win32.Build.0 = Debug|Win32
		{16A6CB8A-ABB9-442E-AAD0-DB9F02BEA91A}.Release|Win32.ActiveCfg = Release|Win32
		{16A6CB8A-ABB9-442E-AAD0-DB9F02BEA91A}.Release|Win32.Build.0 = Release|Win32
		{998D56B0-E358-438C-9E6D-D6BE739B2534}.Debug|Win32.ActiveCfg = Debug|Win32
		{998D56B0-E358-438C-9E6D-D6BE739B2534}.Debug|Win32.Build.0 = Debug|Win32
		{998D56B0-E358-438C-9E6D-D6BE739B2534}.Release|Win32.ActiveCfg = Release|Win32
		{998D56B0-E358-438C-9E6D-D6BE739B2534}.Release|Win32.Build.0 = Release|Win32
	EndGlobalSection
	GlobalSection(SolutionProperties) = preSolution
		HideSolutionNode = FALSE
	EndGlobalSection
EndGlobal
