
Microsoft Visual Studio Solution File, Format Version 12.00
# Visual Studio 2013
VisualStudioVersion = 12.0.31101.0
MinimumVisualStudioVersion = 10.0.40219.1
Project("{8BC9CEB8-8B4A-11D0-8D11-00A0C91BC942}") = "圆类设计", "圆类设计\圆类设计.vcxproj", "{75E3BC7A-A0E6-47F1-B79B-C632CD188BE4}"
EndProject
Project("{8BC9CEB8-8B4A-11D0-8D11-00A0C91BC942}") = "学生类设计", "学生类设计\学生类设计.vcxproj", "{635ABF7D-9977-4695-8EFA-4EFCA166173C}"
EndProject
Project("{8BC9CEB8-8B4A-11D0-8D11-00A0C91BC942}") = "内联函数", "内联函数\内联函数.vcxproj", "{02FDD176-45B6-410C-8867-F2BEF86E8236}"
EndProject
Project("{8BC9CEB8-8B4A-11D0-8D11-00A0C91BC942}") = "函数重载基本语法", "函数重载基本语法\函数重载基本语法.vcxproj", "{AAC137D6-493A-46F7-962B-BA5C258E0AAA}"
EndProject
Project("{8BC9CEB8-8B4A-11D0-8D11-00A0C91BC942}") = "extern c 浅析", "extern c 浅析\extern c 浅析.vcxproj", "{63ECB3E9-6237-44C2-861F-FF2E67F67D5D}"
EndProject
Project("{8BC9CEB8-8B4A-11D0-8D11-00A0C91BC942}") = "C语言的封装", "C语言的封装\C语言的封装.vcxproj", "{B04FC7E7-EC20-422A-B52F-17B0D61E2449}"
EndProject
Project("{8BC9CEB8-8B4A-11D0-8D11-00A0C91BC942}") = "c++语言下的封装", "c++语言下的封装\c++语言下的封装.vcxproj", "{A41B6BB8-F858-4DCE-83F6-1A88D3C18670}"
EndProject
Project("{8BC9CEB8-8B4A-11D0-8D11-00A0C91BC942}") = "建议成员变量设置为prinvate", "建议成员变量设置为prinvate\建议成员变量设置为prinvate.vcxproj", "{8FB24108-28D2-4062-AF16-2B6183EA17B7}"
EndProject
Global
	GlobalSection(SolutionConfigurationPlatforms) = preSolution
		Debug|Win32 = Debug|Win32
		Release|Win32 = Release|Win32
	EndGlobalSection
	GlobalSection(ProjectConfigurationPlatforms) = postSolution
		{75E3BC7A-A0E6-47F1-B79B-C632CD188BE4}.Debug|Win32.ActiveCfg = Debug|Win32
		{75E3BC7A-A0E6-47F1-B79B-C632CD188BE4}.Debug|Win32.Build.0 = Debug|Win32
		{75E3BC7A-A0E6-47F1-B79B-C632CD188BE4}.Release|Win32.ActiveCfg = Release|Win32
		{75E3BC7A-A0E6-47F1-B79B-C632CD188BE4}.Release|Win32.Build.0 = Release|Win32
		{635ABF7D-9977-4695-8EFA-4EFCA166173C}.Debug|Win32.ActiveCfg = Debug|Win32
		{635ABF7D-9977-4695-8EFA-4EFCA166173C}.Debug|Win32.Build.0 = Debug|Win32
		{635ABF7D-9977-4695-8EFA-4EFCA166173C}.Release|Win32.ActiveCfg = Release|Win32
		{635ABF7D-9977-4695-8EFA-4EFCA166173C}.Release|Win32.Build.0 = Release|Win32
		{02FDD176-45B6-410C-8867-F2BEF86E8236}.Debug|Win32.ActiveCfg = Debug|Win32
		{02FDD176-45B6-410C-8867-F2BEF86E8236}.Debug|Win32.Build.0 = Debug|Win32
		{02FDD176-45B6-410C-8867-F2BEF86E8236}.Release|Win32.ActiveCfg = Release|Win32
		{02FDD176-45B6-410C-8867-F2BEF86E8236}.Release|Win32.Build.0 = Release|Win32
		{AAC137D6-493A-46F7-962B-BA5C258E0AAA}.Debug|Win32.ActiveCfg = Debug|Win32
		{AAC137D6-493A-46F7-962B-BA5C258E0AAA}.Debug|Win32.Build.0 = Debug|Win32
		{AAC137D6-493A-46F7-962B-BA5C258E0AAA}.Release|Win32.ActiveCfg = Release|Win32
		{AAC137D6-493A-46F7-962B-BA5C258E0AAA}.Release|Win32.Build.0 = Release|Win32
		{63ECB3E9-6237-44C2-861F-FF2E67F67D5D}.Debug|Win32.ActiveCfg = Debug|Win32
		{63ECB3E9-6237-44C2-861F-FF2E67F67D5D}.Debug|Win32.Build.0 = Debug|Win32
		{63ECB3E9-6237-44C2-861F-FF2E67F67D5D}.Release|Win32.ActiveCfg = Release|Win32
		{63ECB3E9-6237-44C2-861F-FF2E67F67D5D}.Release|Win32.Build.0 = Release|Win32
		{B04FC7E7-EC20-422A-B52F-17B0D61E2449}.Debug|Win32.ActiveCfg = Debug|Win32
		{B04FC7E7-EC20-422A-B52F-17B0D61E2449}.Debug|Win32.Build.0 = Debug|Win32
		{B04FC7E7-EC20-422A-B52F-17B0D61E2449}.Release|Win32.ActiveCfg = Release|Win32
		{B04FC7E7-EC20-422A-B52F-17B0D61E2449}.Release|Win32.Build.0 = Release|Win32
		{A41B6BB8-F858-4DCE-83F6-1A88D3C18670}.Debug|Win32.ActiveCfg = Debug|Win32
		{A41B6BB8-F858-4DCE-83F6-1A88D3C18670}.Debug|Win32.Build.0 = Debug|Win32
		{A41B6BB8-F858-4DCE-83F6-1A88D3C18670}.Release|Win32.ActiveCfg = Release|Win32
		{A41B6BB8-F858-4DCE-83F6-1A88D3C18670}.Release|Win32.Build.0 = Release|Win32
		{8FB24108-28D2-4062-AF16-2B6183EA17B7}.Debug|Win32.ActiveCfg = Debug|Win32
		{8FB24108-28D2-4062-AF16-2B6183EA17B7}.Debug|Win32.Build.0 = Debug|Win32
		{8FB24108-28D2-4062-AF16-2B6183EA17B7}.Release|Win32.ActiveCfg = Release|Win32
		{8FB24108-28D2-4062-AF16-2B6183EA17B7}.Release|Win32.Build.0 = Release|Win32
	EndGlobalSection
	GlobalSection(SolutionProperties) = preSolution
		HideSolutionNode = FALSE
	EndGlobalSection
EndGlobal
