
Microsoft Visual Studio Solution File, Format Version 12.00
# Visual Studio 2013
VisualStudioVersion = 12.0.31101.0
MinimumVisualStudioVersion = 10.0.40219.1
Project("{8BC9CEB8-8B4A-11D0-8D11-00A0C91BC942}") = "指针和数组区别", "指针和数组区别\指针和数组区别.vcxproj", "{B049F0C0-B289-45C5-A6E3-2BCDC6428D52}"
EndProject
Project("{8BC9CEB8-8B4A-11D0-8D11-00A0C91BC942}") = "深拷贝与浅拷贝", "深拷贝与浅拷贝\深拷贝与浅拷贝.vcxproj", "{77F75882-EF69-4C42-A2EF-E1F1D55FEA49}"
EndProject
Project("{8BC9CEB8-8B4A-11D0-8D11-00A0C91BC942}") = "圆和点的关系", "圆和点的关系\圆和点的关系.vcxproj", "{088D4707-FCE6-49E8-8028-F8EA386E68DD}"
EndProject
Project("{8BC9CEB8-8B4A-11D0-8D11-00A0C91BC942}") = "explicit关键字", "explicit关键字\explicit关键字.vcxproj", "{157509F8-32AF-4CE9-8C40-92B472F59541}"
EndProject
Project("{8BC9CEB8-8B4A-11D0-8D11-00A0C91BC942}") = "new", "new\new.vcxproj", "{30C3321E-A93D-488D-8E10-50E21F23E628}"
EndProject
Project("{8BC9CEB8-8B4A-11D0-8D11-00A0C91BC942}") = "string", "string\string.vcxproj", "{E7A68644-4F4B-41ED-A1B7-0777090EF32C}"
EndProject
Project("{8BC9CEB8-8B4A-11D0-8D11-00A0C91BC942}") = "初始化列表的基本使用", "初始化列表的基本使用\初始化列表的基本使用.vcxproj", "{C40EBB8C-DC0A-42F5-9852-BF113069A832}"
EndProject
Project("{8BC9CEB8-8B4A-11D0-8D11-00A0C91BC942}") = "学生信息", "学生信息\学生信息.vcxproj", "{0D440420-120D-42DB-ACE0-8EE35ED5B84F}"
EndProject
Project("{8BC9CEB8-8B4A-11D0-8D11-00A0C91BC942}") = "双向链表", "双向链表\双向链表.vcxproj", "{348AE246-28A7-4C21-8DA9-258440EFFDD9}"
EndProject
Global
	GlobalSection(SolutionConfigurationPlatforms) = preSolution
		Debug|Win32 = Debug|Win32
		Release|Win32 = Release|Win32
	EndGlobalSection
	GlobalSection(ProjectConfigurationPlatforms) = postSolution
		{B049F0C0-B289-45C5-A6E3-2BCDC6428D52}.Debug|Win32.ActiveCfg = Debug|Win32
		{B049F0C0-B289-45C5-A6E3-2BCDC6428D52}.Debug|Win32.Build.0 = Debug|Win32
		{B049F0C0-B289-45C5-A6E3-2BCDC6428D52}.Release|Win32.ActiveCfg = Release|Win32
		{B049F0C0-B289-45C5-A6E3-2BCDC6428D52}.Release|Win32.Build.0 = Release|Win32
		{77F75882-EF69-4C42-A2EF-E1F1D55FEA49}.Debug|Win32.ActiveCfg = Debug|Win32
		{77F75882-EF69-4C42-A2EF-E1F1D55FEA49}.Debug|Win32.Build.0 = Debug|Win32
		{77F75882-EF69-4C42-A2EF-E1F1D55FEA49}.Release|Win32.ActiveCfg = Release|Win32
		{77F75882-EF69-4C42-A2EF-E1F1D55FEA49}.Release|Win32.Build.0 = Release|Win32
		{088D4707-FCE6-49E8-8028-F8EA386E68DD}.Debug|Win32.ActiveCfg = Debug|Win32
		{088D4707-FCE6-49E8-8028-F8EA386E68DD}.Debug|Win32.Build.0 = Debug|Win32
		{088D4707-FCE6-49E8-8028-F8EA386E68DD}.Release|Win32.ActiveCfg = Release|Win32
		{088D4707-FCE6-49E8-8028-F8EA386E68DD}.Release|Win32.Build.0 = Release|Win32
		{157509F8-32AF-4CE9-8C40-92B472F59541}.Debug|Win32.ActiveCfg = Debug|Win32
		{157509F8-32AF-4CE9-8C40-92B472F59541}.Debug|Win32.Build.0 = Debug|Win32
		{157509F8-32AF-4CE9-8C40-92B472F59541}.Release|Win32.ActiveCfg = Release|Win32
		{157509F8-32AF-4CE9-8C40-92B472F59541}.Release|Win32.Build.0 = Release|Win32
		{30C3321E-A93D-488D-8E10-50E21F23E628}.Debug|Win32.ActiveCfg = Debug|Win32
		{30C3321E-A93D-488D-8E10-50E21F23E628}.Debug|Win32.Build.0 = Debug|Win32
		{30C3321E-A93D-488D-8E10-50E21F23E628}.Release|Win32.ActiveCfg = Release|Win32
		{30C3321E-A93D-488D-8E10-50E21F23E628}.Release|Win32.Build.0 = Release|Win32
		{E7A68644-4F4B-41ED-A1B7-0777090EF32C}.Debug|Win32.ActiveCfg = Debug|Win32
		{E7A68644-4F4B-41ED-A1B7-0777090EF32C}.Debug|Win32.Build.0 = Debug|Win32
		{E7A68644-4F4B-41ED-A1B7-0777090EF32C}.Release|Win32.ActiveCfg = Release|Win32
		{E7A68644-4F4B-41ED-A1B7-0777090EF32C}.Release|Win32.Build.0 = Release|Win32
		{C40EBB8C-DC0A-42F5-9852-BF113069A832}.Debug|Win32.ActiveCfg = Debug|Win32
		{C40EBB8C-DC0A-42F5-9852-BF113069A832}.Debug|Win32.Build.0 = Debug|Win32
		{C40EBB8C-DC0A-42F5-9852-BF113069A832}.Release|Win32.ActiveCfg = Release|Win32
		{C40EBB8C-DC0A-42F5-9852-BF113069A832}.Release|Win32.Build.0 = Release|Win32
		{0D440420-120D-42DB-ACE0-8EE35ED5B84F}.Debug|Win32.ActiveCfg = Debug|Win32
		{0D440420-120D-42DB-ACE0-8EE35ED5B84F}.Debug|Win32.Build.0 = Debug|Win32
		{0D440420-120D-42DB-ACE0-8EE35ED5B84F}.Release|Win32.ActiveCfg = Release|Win32
		{0D440420-120D-42DB-ACE0-8EE35ED5B84F}.Release|Win32.Build.0 = Release|Win32
		{348AE246-28A7-4C21-8DA9-258440EFFDD9}.Debug|Win32.ActiveCfg = Debug|Win32
		{348AE246-28A7-4C21-8DA9-258440EFFDD9}.Debug|Win32.Build.0 = Debug|Win32
		{348AE246-28A7-4C21-8DA9-258440EFFDD9}.Release|Win32.ActiveCfg = Release|Win32
		{348AE246-28A7-4C21-8DA9-258440EFFDD9}.Release|Win32.Build.0 = Release|Win32
	EndGlobalSection
	GlobalSection(SolutionProperties) = preSolution
		HideSolutionNode = FALSE
	EndGlobalSection
EndGlobal
